// !$*UTF8*$!
{
	archiveVersion = 1;
	classes = {
	};
	objectVersion = 46;
	objects = {

/* Begin PBXBuildFile section */
		381462711F66D4E60041C419 /* AppDelegate.swift in Sources */ = {isa = PBXBuildFile; fileRef = 381462701F66D4E60041C419 /* AppDelegate.swift */; };
		381462731F66D4E60041C419 /* ViewController.swift in Sources */ = {isa = PBXBuildFile; fileRef = 381462721F66D4E60041C419 /* ViewController.swift */; };
		381462761F66D4E60041C419 /* Main.storyboard in Resources */ = {isa = PBXBuildFile; fileRef = 381462741F66D4E60041C419 /* Main.storyboard */; };
		381462781F66D4E60041C419 /* Assets.xcassets in Resources */ = {isa = PBXBuildFile; fileRef = 381462771F66D4E60041C419 /* Assets.xcassets */; };
		3814627B1F66D4E60041C419 /* LaunchScreen.storyboard in Resources */ = {isa = PBXBuildFile; fileRef = 381462791F66D4E60041C419 /* LaunchScreen.storyboard */; };
		381462861F66D4E60041C419 /* ExrateTests.swift in Sources */ = {isa = PBXBuildFile; fileRef = 381462851F66D4E60041C419 /* ExrateTests.swift */; };
		381462911F66D4E60041C419 /* ExrateUITests.swift in Sources */ = {isa = PBXBuildFile; fileRef = 381462901F66D4E60041C419 /* ExrateUITests.swift */; };
		681D7AA401ACB489B9C42358 /* Pods_Exrate.framework in Frameworks */ = {isa = PBXBuildFile; fileRef = 86516B7864C63C100D25F8EB /* Pods_Exrate.framework */; };
		8BBD251415E7DB24EE9A5B94 /* Pods_ExrateUITests.framework in Frameworks */ = {isa = PBXBuildFile; fileRef = D5D67F95CA898D48819F5D61 /* Pods_ExrateUITests.framework */; };
		B4046BBB7F39AB8552F61581 /* Pods_ExrateTests.framework in Frameworks */ = {isa = PBXBuildFile; fileRef = 1AA4382AE959604C3D475D3D /* Pods_ExrateTests.framework */; };
/* End PBXBuildFile section */

/* Begin PBXContainerItemProxy section */
		381462821F66D4E60041C419 /* PBXContainerItemProxy */ = {
			isa = PBXContainerItemProxy;
			containerPortal = 381462651F66D4E60041C419 /* Project object */;
			proxyType = 1;
			remoteGlobalIDString = 3814626C1F66D4E60041C419;
			remoteInfo = Exrate;
		};
		3814628D1F66D4E60041C419 /* PBXContainerItemProxy */ = {
			isa = PBXContainerItemProxy;
			containerPortal = 381462651F66D4E60041C419 /* Project object */;
			proxyType = 1;
			remoteGlobalIDString = 3814626C1F66D4E60041C419;
			remoteInfo = Exrate;
		};
/* End PBXContainerItemProxy section */

/* Begin PBXFileReference section */
		1AA4382AE959604C3D475D3D /* Pods_ExrateTests.framework */ = {isa = PBXFileReference; explicitFileType = wrapper.framework; includeInIndex = 0; path = Pods_ExrateTests.framework; sourceTree = BUILT_PRODUCTS_DIR; };
		3814626D1F66D4E60041C419 /* Exrate.app */ = {isa = PBXFileReference; explicitFileType = wrapper.application; includeInIndex = 0; path = Exrate.app; sourceTree = BUILT_PRODUCTS_DIR; };
		381462701F66D4E60041C419 /* AppDelegate.swift */ = {isa = PBXFileReference; lastKnownFileType = sourcecode.swift; path = AppDelegate.swift; sourceTree = "<group>"; };
		381462721F66D4E60041C419 /* ViewController.swift */ = {isa = PBXFileReference; lastKnownFileType = sourcecode.swift; path = ViewController.swift; sourceTree = "<group>"; };
		381462751F66D4E60041C419 /* Base */ = {isa = PBXFileReference; lastKnownFileType = file.storyboard; name = Base; path = Base.lproj/Main.storyboard; sourceTree = "<group>"; };
		381462771F66D4E60041C419 /* Assets.xcassets */ = {isa = PBXFileReference; lastKnownFileType = folder.assetcatalog; path = Assets.xcassets; sourceTree = "<group>"; };
		3814627A1F66D4E60041C419 /* Base */ = {isa = PBXFileReference; lastKnownFileType = file.storyboard; name = Base; path = Base.lproj/LaunchScreen.storyboard; sourceTree = "<group>"; };
		3814627C1F66D4E60041C419 /* Info.plist */ = {isa = PBXFileReference; lastKnownFileType = text.plist.xml; path = Info.plist; sourceTree = "<group>"; };
		381462811F66D4E60041C419 /* ExrateTests.xctest */ = {isa = PBXFileReference; explicitFileType = wrapper.cfbundle; includeInIndex = 0; path = ExrateTests.xctest; sourceTree = BUILT_PRODUCTS_DIR; };
		381462851F66D4E60041C419 /* ExrateTests.swift */ = {isa = PBXFileReference; lastKnownFileType = sourcecode.swift; path = ExrateTests.swift; sourceTree = "<group>"; };
		381462871F66D4E60041C419 /* Info.plist */ = {isa = PBXFileReference; lastKnownFileType = text.plist.xml; path = Info.plist; sourceTree = "<group>"; };
		3814628C1F66D4E60041C419 /* ExrateUITests.xctest */ = {isa = PBXFileReference; explicitFileType = wrapper.cfbundle; includeInIndex = 0; path = ExrateUITests.xctest; sourceTree = BUILT_PRODUCTS_DIR; };
		381462901F66D4E60041C419 /* ExrateUITests.swift */ = {isa = PBXFileReference; lastKnownFileType = sourcecode.swift; path = ExrateUITests.swift; sourceTree = "<group>"; };
		381462921F66D4E60041C419 /* Info.plist */ = {isa = PBXFileReference; lastKnownFileType = text.plist.xml; path = Info.plist; sourceTree = "<group>"; };
		5066089755BBD26B8CA8F0CE /* Pods-ExrateTests.debug.xcconfig */ = {isa = PBXFileReference; includeInIndex = 1; lastKnownFileType = text.xcconfig; name = "Pods-ExrateTests.debug.xcconfig"; path = "Pods/Target Support Files/Pods-ExrateTests/Pods-ExrateTests.debug.xcconfig"; sourceTree = "<group>"; };
		51A7D62057E52178C8463ABC /* Pods-ExrateTests.release.xcconfig */ = {isa = PBXFileReference; includeInIndex = 1; lastKnownFileType = text.xcconfig; name = "Pods-ExrateTests.release.xcconfig"; path = "Pods/Target Support Files/Pods-ExrateTests/Pods-ExrateTests.release.xcconfig"; sourceTree = "<group>"; };
		72E42ABCCB3932D7A7379922 /* Pods-Exrate.debug.xcconfig */ = {isa = PBXFileReference; includeInIndex = 1; lastKnownFileType = text.xcconfig; name = "Pods-Exrate.debug.xcconfig"; path = "Pods/Target Support Files/Pods-Exrate/Pods-Exrate.debug.xcconfig"; sourceTree = "<group>"; };
		77ACC17893334FBC4B426426 /* Pods-ExrateUITests.release.xcconfig */ = {isa = PBXFileReference; includeInIndex = 1; lastKnownFileType = text.xcconfig; name = "Pods-ExrateUITests.release.xcconfig"; path = "Pods/Target Support Files/Pods-ExrateUITests/Pods-ExrateUITests.release.xcconfig"; sourceTree = "<group>"; };
		86516B7864C63C100D25F8EB /* Pods_Exrate.framework */ = {isa = PBXFileReference; explicitFileType = wrapper.framework; includeInIndex = 0; path = Pods_Exrate.framework; sourceTree = BUILT_PRODUCTS_DIR; };
		9E1CF58C0F00E851D7835360 /* Pods-ExrateUITests.debug.xcconfig */ = {isa = PBXFileReference; includeInIndex = 1; lastKnownFileType = text.xcconfig; name = "Pods-ExrateUITests.debug.xcconfig"; path = "Pods/Target Support Files/Pods-ExrateUITests/Pods-ExrateUITests.debug.xcconfig"; sourceTree = "<group>"; };
		D5D67F95CA898D48819F5D61 /* Pods_ExrateUITests.framework */ = {isa = PBXFileReference; explicitFileType = wrapper.framework; includeInIndex = 0; path = Pods_ExrateUITests.framework; sourceTree = BUILT_PRODUCTS_DIR; };
		F379B27B2E16BCDA5931C509 /* Pods-Exrate.release.xcconfig */ = {isa = PBXFileReference; includeInIndex = 1; lastKnownFileType = text.xcconfig; name = "Pods-Exrate.release.xcconfig"; path = "Pods/Target Support Files/Pods-Exrate/Pods-Exrate.release.xcconfig"; sourceTree = "<group>"; };
/* End PBXFileReference section */

/* Begin PBXFrameworksBuildPhase section */
		3814626A1F66D4E60041C419 /* Frameworks */ = {
			isa = PBXFrameworksBuildPhase;
			buildActionMask = 2147483647;
			files = (
				681D7AA401ACB489B9C42358 /* Pods_Exrate.framework in Frameworks */,
			);
			runOnlyForDeploymentPostprocessing = 0;
		};
		3814627E1F66D4E60041C419 /* Frameworks */ = {
			isa = PBXFrameworksBuildPhase;
			buildActionMask = 2147483647;
			files = (
				B4046BBB7F39AB8552F61581 /* Pods_ExrateTests.framework in Frameworks */,
			);
			runOnlyForDeploymentPostprocessing = 0;
		};
		381462891F66D4E60041C419 /* Frameworks */ = {
			isa = PBXFrameworksBuildPhase;
			buildActionMask = 2147483647;
			files = (
				8BBD251415E7DB24EE9A5B94 /* Pods_ExrateUITests.framework in Frameworks */,
			);
			runOnlyForDeploymentPostprocessing = 0;
		};
/* End PBXFrameworksBuildPhase section */

/* Begin PBXGroup section */
		1037CAF9076B4A7E0B103659 /* Pods */ = {
			isa = PBXGroup;
			children = (
				72E42ABCCB3932D7A7379922 /* Pods-Exrate.debug.xcconfig */,
				F379B27B2E16BCDA5931C509 /* Pods-Exrate.release.xcconfig */,
				5066089755BBD26B8CA8F0CE /* Pods-ExrateTests.debug.xcconfig */,
				51A7D62057E52178C8463ABC /* Pods-ExrateTests.release.xcconfig */,
				9E1CF58C0F00E851D7835360 /* Pods-ExrateUITests.debug.xcconfig */,
				77ACC17893334FBC4B426426 /* Pods-ExrateUITests.release.xcconfig */,
			);
			name = Pods;
			sourceTree = "<group>";
		};
		381462641F66D4E60041C419 = {
			isa = PBXGroup;
			children = (
				3814626F1F66D4E60041C419 /* Exrate */,
				381462841F66D4E60041C419 /* ExrateTests */,
				3814628F1F66D4E60041C419 /* ExrateUITests */,
				3814626E1F66D4E60041C419 /* Products */,
				1037CAF9076B4A7E0B103659 /* Pods */,
				4E6498F23DAF4C7B120B785D /* Frameworks */,
			);
			sourceTree = "<group>";
		};
		3814626E1F66D4E60041C419 /* Products */ = {
			isa = PBXGroup;
			children = (
				3814626D1F66D4E60041C419 /* Exrate.app */,
				381462811F66D4E60041C419 /* ExrateTests.xctest */,
				3814628C1F66D4E60041C419 /* ExrateUITests.xctest */,
			);
			name = Products;
			sourceTree = "<group>";
		};
		3814626F1F66D4E60041C419 /* Exrate */ = {
			isa = PBXGroup;
			children = (
				381462701F66D4E60041C419 /* AppDelegate.swift */,
				381462721F66D4E60041C419 /* ViewController.swift */,
				381462741F66D4E60041C419 /* Main.storyboard */,
				381462771F66D4E60041C419 /* Assets.xcassets */,
				381462791F66D4E60041C419 /* LaunchScreen.storyboard */,
				3814627C1F66D4E60041C419 /* Info.plist */,
			);
			path = Exrate;
			sourceTree = "<group>";
		};
		381462841F66D4E60041C419 /* ExrateTests */ = {
			isa = PBXGroup;
			children = (
				381462851F66D4E60041C419 /* ExrateTests.swift */,
				381462871F66D4E60041C419 /* Info.plist */,
			);
			path = ExrateTests;
			sourceTree = "<group>";
		};
		3814628F1F66D4E60041C419 /* ExrateUITests */ = {
			isa = PBXGroup;
			children = (
				381462901F66D4E60041C419 /* ExrateUITests.swift */,
				381462921F66D4E60041C419 /* Info.plist */,
			);
			path = ExrateUITests;
			sourceTree = "<group>";
		};
		4E6498F23DAF4C7B120B785D /* Frameworks */ = {
			isa = PBXGroup;
			children = (
				86516B7864C63C100D25F8EB /* Pods_Exrate.framework */,
				1AA4382AE959604C3D475D3D /* Pods_ExrateTests.framework */,
				D5D67F95CA898D48819F5D61 /* Pods_ExrateUITests.framework */,
			);
			name = Frameworks;
			sourceTree = "<group>";
		};
/* End PBXGroup section */

/* Begin PBXNativeTarget section */
		3814626C1F66D4E60041C419 /* Exrate */ = {
			isa = PBXNativeTarget;
			buildConfigurationList = 381462951F66D4E60041C419 /* Build configuration list for PBXNativeTarget "Exrate" */;
			buildPhases = (
				DFCFCB6D6F047A32567CCEFF /* [CP] Check Pods Manifest.lock */,
				381462691F66D4E60041C419 /* Sources */,
				3814626A1F66D4E60041C419 /* Frameworks */,
				3814626B1F66D4E60041C419 /* Resources */,
				5655CBC71A8786933043BA00 /* [CP] Embed Pods Frameworks */,
				D3E3CF8086635C8FB4C0ACFA /* [CP] Copy Pods Resources */,
			);
			buildRules = (
			);
			dependencies = (
			);
			name = Exrate;
			productName = Exrate;
			productReference = 3814626D1F66D4E60041C419 /* Exrate.app */;
			productType = "com.apple.product-type.application";
		};
		381462801F66D4E60041C419 /* ExrateTests */ = {
			isa = PBXNativeTarget;
			buildConfigurationList = 381462981F66D4E60041C419 /* Build configuration list for PBXNativeTarget "ExrateTests" */;
			buildPhases = (
				75B0BF3F5D13F8F767075AD0 /* [CP] Check Pods Manifest.lock */,
				3814627D1F66D4E60041C419 /* Sources */,
				3814627E1F66D4E60041C419 /* Frameworks */,
				3814627F1F66D4E60041C419 /* Resources */,
				25BFEBC9F8946904ED86A760 /* [CP] Embed Pods Frameworks */,
				A34CD0921919E8D4EADA5D28 /* [CP] Copy Pods Resources */,
			);
			buildRules = (
			);
			dependencies = (
				381462831F66D4E60041C419 /* PBXTargetDependency */,
			);
			name = ExrateTests;
			productName = ExrateTests;
			productReference = 381462811F66D4E60041C419 /* ExrateTests.xctest */;
			productType = "com.apple.product-type.bundle.unit-test";
		};
		3814628B1F66D4E60041C419 /* ExrateUITests */ = {
			isa = PBXNativeTarget;
			buildConfigurationList = 3814629B1F66D4E60041C419 /* Build configuration list for PBXNativeTarget "ExrateUITests" */;
			buildPhases = (
				09B81B9A3907D35CA5E0CDAF /* [CP] Check Pods Manifest.lock */,
				381462881F66D4E60041C419 /* Sources */,
				381462891F66D4E60041C419 /* Frameworks */,
				3814628A1F66D4E60041C419 /* Resources */,
				1C5BE19F16EC856ECB0B6B06 /* [CP] Embed Pods Frameworks */,
				1A4046ED27AF3B501C25AA1A /* [CP] Copy Pods Resources */,
			);
			buildRules = (
			);
			dependencies = (
				3814628E1F66D4E60041C419 /* PBXTargetDependency */,
			);
			name = ExrateUITests;
			productName = ExrateUITests;
			productReference = 3814628C1F66D4E60041C419 /* ExrateUITests.xctest */;
			productType = "com.apple.product-type.bundle.ui-testing";
		};
/* End PBXNativeTarget section */

/* Begin PBXProject section */
		381462651F66D4E60041C419 /* Project object */ = {
			isa = PBXProject;
			attributes = {
				LastSwiftUpdateCheck = 0830;
				LastUpgradeCheck = 0830;
				ORGANIZATIONNAME = "Lin Bo Han";
				TargetAttributes = {
					3814626C1F66D4E60041C419 = {
						CreatedOnToolsVersion = 8.3.3;
						DevelopmentTeam = 2FM32UZ275;
						ProvisioningStyle = Automatic;
					};
					381462801F66D4E60041C419 = {
						CreatedOnToolsVersion = 8.3.3;
						DevelopmentTeam = 2FM32UZ275;
						ProvisioningStyle = Automatic;
						TestTargetID = 3814626C1F66D4E60041C419;
					};
					3814628B1F66D4E60041C419 = {
						CreatedOnToolsVersion = 8.3.3;
						DevelopmentTeam = 2FM32UZ275;
						ProvisioningStyle = Automatic;
						TestTargetID = 3814626C1F66D4E60041C419;
					};
				};
			};
			buildConfigurationList = 381462681F66D4E60041C419 /* Build configuration list for PBXProject "Exrate" */;
			compatibilityVersion = "Xcode 3.2";
			developmentRegion = English;
			hasScannedForEncodings = 0;
			knownRegions = (
				en,
				Base,
			);
			mainGroup = 381462641F66D4E60041C419;
			productRefGroup = 3814626E1F66D4E60041C419 /* Products */;
			projectDirPath = "";
			projectRoot = "";
			targets = (
				3814626C1F66D4E60041C419 /* Exrate */,
				381462801F66D4E60041C419 /* ExrateTests */,
				3814628B1F66D4E60041C419 /* ExrateUITests */,
			);
		};
/* End PBXProject section */

/* Begin PBXResourcesBuildPhase section */
		3814626B1F66D4E60041C419 /* Resources */ = {
			isa = PBXResourcesBuildPhase;
			buildActionMask = 2147483647;
			files = (
				3814627B1F66D4E60041C419 /* LaunchScreen.storyboard in Resources */,
				381462781F66D4E60041C419 /* Assets.xcassets in Resources */,
				381462761F66D4E60041C419 /* Main.storyboard in Resources */,
			);
			runOnlyForDeploymentPostprocessing = 0;
		};
		3814627F1F66D4E60041C419 /* Resources */ = {
			isa = PBXResourcesBuildPhase;
			buildActionMask = 2147483647;
			files = (
			);
			runOnlyForDeploymentPostprocessing = 0;
		};
		3814628A1F66D4E60041C419 /* Resources */ = {
			isa = PBXResourcesBuildPhase;
			buildActionMask = 2147483647;
			files = (
			);
			runOnlyForDeploymentPostprocessing = 0;
		};
/* End PBXResourcesBuildPhase section */

/* Begin PBXShellScriptBuildPhase section */
		09B81B9A3907D35CA5E0CDAF /* [CP] Check Pods Manifest.lock */ = {
			isa = PBXShellScriptBuildPhase;
			buildActionMask = 2147483647;
			files = (
			);
			inputPaths = (
			);
			name = "[CP] Check Pods Manifest.lock";
			outputPaths = (
			);
			runOnlyForDeploymentPostprocessing = 0;
			shellPath = /bin/sh;
			shellScript = "diff \"${PODS_PODFILE_DIR_PATH}/Podfile.lock\" \"${PODS_ROOT}/Manifest.lock\" > /dev/null\nif [ $? != 0 ] ; then\n    # print error to STDERR\n    echo \"error: The sandbox is not in sync with the Podfile.lock. Run 'pod install' or update your CocoaPods installation.\" >&2\n    exit 1\nfi\n";
			showEnvVarsInLog = 0;
		};
		1A4046ED27AF3B501C25AA1A /* [CP] Copy Pods Resources */ = {
			isa = PBXShellScriptBuildPhase;
			buildActionMask = 2147483647;
			files = (
			);
			inputPaths = (
			);
			name = "[CP] Copy Pods Resources";
			outputPaths = (
			);
			runOnlyForDeploymentPostprocessing = 0;
			shellPath = /bin/sh;
			shellScript = "\"${SRCROOT}/Pods/Target Support Files/Pods-ExrateUITests/Pods-ExrateUITests-resources.sh\"\n";
			showEnvVarsInLog = 0;
		};
		1C5BE19F16EC856ECB0B6B06 /* [CP] Embed Pods Frameworks */ = {
			isa = PBXShellScriptBuildPhase;
			buildActionMask = 2147483647;
			files = (
			);
			inputPaths = (
			);
			name = "[CP] Embed Pods Frameworks";
			outputPaths = (
			);
			runOnlyForDeploymentPostprocessing = 0;
			shellPath = /bin/sh;
			shellScript = "\"${SRCROOT}/Pods/Target Support Files/Pods-ExrateUITests/Pods-ExrateUITests-frameworks.sh\"\n";
			showEnvVarsInLog = 0;
		};
		25BFEBC9F8946904ED86A760 /* [CP] Embed Pods Frameworks */ = {
			isa = PBXShellScriptBuildPhase;
			buildActionMask = 2147483647;
			files = (
			);
			inputPaths = (
			);
			name = "[CP] Embed Pods Frameworks";
			outputPaths = (
			);
			runOnlyForDeploymentPostprocessing = 0;
			shellPath = /bin/sh;
			shellScript = "\"${SRCROOT}/Pods/Target Support Files/Pods-ExrateTests/Pods-ExrateTests-frameworks.sh\"\n";
			showEnvVarsInLog = 0;
		};
		5655CBC71A8786933043BA00 /* [CP] Embed Pods Frameworks */ = {
			isa = PBXShellScriptBuildPhase;
			buildActionMask = 2147483647;
			files = (
			);
			inputPaths = (
			);
			name = "[CP] Embed Pods Frameworks";
			outputPaths = (
			);
			runOnlyForDeploymentPostprocessing = 0;
			shellPath = /bin/sh;
			shellScript = "\"${SRCROOT}/Pods/Target Support Files/Pods-Exrate/Pods-Exrate-frameworks.sh\"\n";
			showEnvVarsInLog = 0;
		};
		75B0BF3F5D13F8F767075AD0 /* [CP] Check Pods Manifest.lock */ = {
			isa = PBXShellScriptBuildPhase;
			buildActionMask = 2147483647;
			files = (
			);
			inputPaths = (
			);
			name = "[CP] Check Pods Manifest.lock";
			outputPaths = (
			);
			runOnlyForDeploymentPostprocessing = 0;
			shellPath = /bin/sh;
			shellScript = "diff \"${PODS_PODFILE_DIR_PATH}/Podfile.lock\" \"${PODS_ROOT}/Manifest.lock\" > /dev/null\nif [ $? != 0 ] ; then\n    # print error to STDERR\n    echo \"error: The sandbox is not in sync with the Podfile.lock. Run 'pod install' or update your CocoaPods installation.\" >&2\n    exit 1\nfi\n";
			showEnvVarsInLog = 0;
		};
		A34CD0921919E8D4EADA5D28 /* [CP] Copy Pods Resources */ = {
			isa = PBXShellScriptBuildPhase;
			buildActionMask = 2147483647;
			files = (
			);
			inputPaths = (
			);
			name = "[CP] Copy Pods Resources";
			outputPaths = (
			);
			runOnlyForDeploymentPostprocessing = 0;
			shellPath = /bin/sh;
			shellScript = "\"${SRCROOT}/Pods/Target Support Files/Pods-ExrateTests/Pods-ExrateTests-resources.sh\"\n";
			showEnvVarsInLog = 0;
		};
		D3E3CF8086635C8FB4C0ACFA /* [CP] Copy Pods Resources */ = {
			isa = PBXShellScriptBuildPhase;
			buildActionMask = 2147483647;
			files = (
			);
			inputPaths = (
			);
			name = "[CP] Copy Pods Resources";
			outputPaths = (
			);
			runOnlyForDeploymentPostprocessing = 0;
			shellPath = /bin/sh;
			shellScript = "\"${SRCROOT}/Pods/Target Support Files/Pods-Exrate/Pods-Exrate-resources.sh\"\n";
			showEnvVarsInLog = 0;
		};
		DFCFCB6D6F047A32567CCEFF /* [CP] Check Pods Manifest.lock */ = {
			isa = PBXShellScriptBuildPhase;
			buildActionMask = 2147483647;
			files = (
			);
			inputPaths = (
			);
			name = "[CP] Check Pods Manifest.lock";
			outputPaths = (
			);
			runOnlyForDeploymentPostprocessing = 0;
			shellPath = /bin/sh;
			shellScript = "diff \"${PODS_PODFILE_DIR_PATH}/Podfile.lock\" \"${PODS_ROOT}/Manifest.lock\" > /dev/null\nif [ $? != 0 ] ; then\n    # print error to STDERR\n    echo \"error: The sandbox is not in sync with the Podfile.lock. Run 'pod install' or update your CocoaPods installation.\" >&2\n    exit 1\nfi\n";
			showEnvVarsInLog = 0;
		};
/* End PBXShellScriptBuildPhase section */

/* Begin PBXSourcesBuildPhase section */
		381462691F66D4E60041C419 /* Sources */ = {
			isa = PBXSourcesBuildPhase;
			buildActionMask = 2147483647;
			files = (
				381462731F66D4E60041C419 /* ViewController.swift in Sources */,
				381462711F66D4E60041C419 /* AppDelegate.swift in Sources */,
			);
			runOnlyForDeploymentPostprocessing = 0;
		};
		3814627D1F66D4E60041C419 /* Sources */ = {
			isa = PBXSourcesBuildPhase;
			buildActionMask = 2147483647;
			files = (
				381462861F66D4E60041C419 /* ExrateTests.swift in Sources */,
			);
			runOnlyForDeploymentPostprocessing = 0;
		};
		381462881F66D4E60041C419 /* Sources */ = {
			isa = PBXSourcesBuildPhase;
			buildActionMask = 2147483647;
			files = (
				381462911F66D4E60041C419 /* ExrateUITests.swift in Sources */,
			);
			runOnlyForDeploymentPostprocessing = 0;
		};
/* End PBXSourcesBuildPhase section */

/* Begin PBXTargetDependency section */
		381462831F66D4E60041C419 /* PBXTargetDependency */ = {
			isa = PBXTargetDependency;
			target = 3814626C1F66D4E60041C419 /* Exrate */;
			targetProxy = 381462821F66D4E60041C419 /* PBXContainerItemProxy */;
		};
		3814628E1F66D4E60041C419 /* PBXTargetDependency */ = {
			isa = PBXTargetDependency;
			target = 3814626C1F66D4E60041C419 /* Exrate */;
			targetProxy = 3814628D1F66D4E60041C419 /* PBXContainerItemProxy */;
		};
/* End PBXTargetDependency section */

/* Begin PBXVariantGroup section */
		381462741F66D4E60041C419 /* Main.storyboard */ = {
			isa = PBXVariantGroup;
			children = (
				381462751F66D4E60041C419 /* Base */,
			);
			name = Main.storyboard;
			sourceTree = "<group>";
		};
		381462791F66D4E60041C419 /* LaunchScreen.storyboard */ = {
			isa = PBXVariantGroup;
			children = (
				3814627A1F66D4E60041C419 /* Base */,
			);
			name = LaunchScreen.storyboard;
			sourceTree = "<group>";
		};
/* End PBXVariantGroup section */

/* Begin XCBuildConfiguration section */
		381462931F66D4E60041C419 /* Debug */ = {
			isa = XCBuildConfiguration;
			buildSettings = {
				ALWAYS_SEARCH_USER_PATHS = NO;
				CLANG_ANALYZER_NONNULL = YES;
				CLANG_ANALYZER_NUMBER_OBJECT_CONVERSION = YES_AGGRESSIVE;
				CLANG_CXX_LANGUAGE_STANDARD = "gnu++0x";
				CLANG_CXX_LIBRARY = "libc++";
				CLANG_ENABLE_MODULES = YES;
				CLANG_ENABLE_OBJC_ARC = YES;
				CLANG_WARN_BOOL_CONVERSION = YES;
				CLANG_WARN_CONSTANT_CONVERSION = YES;
				CLANG_WARN_DIRECT_OBJC_ISA_USAGE = YES_ERROR;
				CLANG_WARN_DOCUMENTATION_COMMENTS = YES;
				CLANG_WARN_EMPTY_BODY = YES;
				CLANG_WARN_ENUM_CONVERSION = YES;
				CLANG_WARN_INFINITE_RECURSION = YES;
				CLANG_WARN_INT_CONVERSION = YES;
				CLANG_WARN_OBJC_ROOT_CLASS = YES_ERROR;
				CLANG_WARN_SUSPICIOUS_MOVE = YES;
				CLANG_WARN_UNREACHABLE_CODE = YES;
				CLANG_WARN__DUPLICATE_METHOD_MATCH = YES;
				"CODE_SIGN_IDENTITY[sdk=iphoneos*]" = "iPhone Developer";
				COPY_PHASE_STRIP = NO;
				DEBUG_INFORMATION_FORMAT = dwarf;
				ENABLE_STRICT_OBJC_MSGSEND = YES;
				ENABLE_TESTABILITY = YES;
				GCC_C_LANGUAGE_STANDARD = gnu99;
				GCC_DYNAMIC_NO_PIC = NO;
				GCC_NO_COMMON_BLOCKS = YES;
				GCC_OPTIMIZATION_LEVEL = 0;
				GCC_PREPROCESSOR_DEFINITIONS = (
					"DEBUG=1",
					"$(inherited)",
				);
				GCC_WARN_64_TO_32_BIT_CONVERSION = YES;
				GCC_WARN_ABOUT_RETURN_TYPE = YES_ERROR;
				GCC_WARN_UNDECLARED_SELECTOR = YES;
				GCC_WARN_UNINITIALIZED_AUTOS = YES_AGGRESSIVE;
				GCC_WARN_UNUSED_FUNCTION = YES;
				GCC_WARN_UNUSED_VARIABLE = YES;
				IPHONEOS_DEPLOYMENT_TARGET = 10.3;
				MTL_ENABLE_DEBUG_INFO = YES;
				ONLY_ACTIVE_ARCH = YES;
				SDKROOT = iphoneos;
				SWIFT_ACTIVE_COMPILATION_CONDITIONS = DEBUG;
				SWIFT_OPTIMIZATION_LEVEL = "-Onone";
				TARGETED_DEVICE_FAMILY = "1,2";
			};
			name = Debug;
		};
		381462941F66D4E60041C419 /* Release */ = {
			isa = XCBuildConfiguration;
			buildSettings = {
				ALWAYS_SEARCH_USER_PATHS = NO;
				CLANG_ANALYZER_NONNULL = YES;
				CLANG_ANALYZER_NUMBER_OBJECT_CONVERSION = YES_AGGRESSIVE;
				CLANG_CXX_LANGUAGE_STANDARD = "gnu++0x";
				CLANG_CXX_LIBRARY = "libc++";
				CLANG_ENABLE_MODULES = YES;
				CLANG_ENABLE_OBJC_ARC = YES;
				CLANG_WARN_BOOL_CONVERSION = YES;
				CLANG_WARN_CONSTANT_CONVERSION = YES;
				CLANG_WARN_DIRECT_OBJC_ISA_USAGE = YES_ERROR;
				CLANG_WARN_DOCUMENTATION_COMMENTS = YES;
				CLANG_WARN_EMPTY_BODY = YES;
				CLANG_WARN_ENUM_CONVERSION = YES;
				CLANG_WARN_INFINITE_RECURSION = YES;
				CLANG_WARN_INT_CONVERSION = YES;
				CLANG_WARN_OBJC_ROOT_CLASS = YES_ERROR;
				CLANG_WARN_SUSPICIOUS_MOVE = YES;
				CLANG_WARN_UNREACHABLE_CODE = YES;
				CLANG_WARN__DUPLICATE_METHOD_MATCH = YES;
				"CODE_SIGN_IDENTITY[sdk=iphoneos*]" = "iPhone Developer";
				COPY_PHASE_STRIP = NO;
				DEBUG_INFORMATION_FORMAT = "dwarf-with-dsym";
				ENABLE_NS_ASSERTIONS = NO;
				ENABLE_STRICT_OBJC_MSGSEND = YES;
				GCC_C_LANGUAGE_STANDARD = gnu99;
				GCC_NO_COMMON_BLOCKS = YES;
				GCC_WARN_64_TO_32_BIT_CONVERSION = YES;
				GCC_WARN_ABOUT_RETURN_TYPE = YES_ERROR;
				GCC_WARN_UNDECLARED_SELECTOR = YES;
				GCC_WARN_UNINITIALIZED_AUTOS = YES_AGGRESSIVE;
				GCC_WARN_UNUSED_FUNCTION = YES;
				GCC_WARN_UNUSED_VARIABLE = YES;
				IPHONEOS_DEPLOYMENT_TARGET = 10.3;
				MTL_ENABLE_DEBUG_INFO = NO;
				SDKROOT = iphoneos;
				SWIFT_OPTIMIZATION_LEVEL = "-Owholemodule";
				TARGETED_DEVICE_FAMILY = "1,2";
				VALIDATE_PRODUCT = YES;
			};
			name = Release;
		};
		381462961F66D4E60041C419 /* Debug */ = {
			isa = XCBuildConfiguration;
			baseConfigurationReference = 72E42ABCCB3932D7A7379922 /* Pods-Exrate.debug.xcconfig */;
			buildSettings = {
				ASSETCATALOG_COMPILER_APPICON_NAME = AppIcon;
				DEVELOPMENT_TEAM = 2FM32UZ275;
				INFOPLIST_FILE = Exrate/Info.plist;
				LD_RUNPATH_SEARCH_PATHS = "$(inherited) @executable_path/Frameworks";
				PRODUCT_BUNDLE_IDENTIFIER = com.lbh.Exrate;
				PRODUCT_NAME = "$(TARGET_NAME)";
				SWIFT_VERSION = 3.0;
			};
			name = Debug;
		};
		381462971F66D4E60041C419 /* Release */ = {
			isa = XCBuildConfiguration;
			baseConfigurationReference = F379B27B2E16BCDA5931C509 /* Pods-Exrate.release.xcconfig */;
			buildSettings = {
				ASSETCATALOG_COMPILER_APPICON_NAME = AppIcon;
				DEVELOPMENT_TEAM = 2FM32UZ275;
				INFOPLIST_FILE = Exrate/Info.plist;
				LD_RUNPATH_SEARCH_PATHS = "$(inherited) @executable_path/Frameworks";
				PRODUCT_BUNDLE_IDENTIFIER = com.lbh.Exrate;
				PRODUCT_NAME = "$(TARGET_NAME)";
				SWIFT_VERSION = 3.0;
			};
			name = Release;
		};
		381462991F66D4E60041C419 /* Debug */ = {
			isa = XCBuildConfiguration;
			baseConfigurationReference = 5066089755BBD26B8CA8F0CE /* Pods-ExrateTests.debug.xcconfig */;
			buildSettings = {
				ALWAYS_EMBED_SWIFT_STANDARD_LIBRARIES = YES;
				BUNDLE_LOADER = "$(TEST_HOST)";
				DEVELOPMENT_TEAM = 2FM32UZ275;
				INFOPLIST_FILE = ExrateTests/Info.plist;
				LD_RUNPATH_SEARCH_PATHS = "$(inherited) @executable_path/Frameworks @loader_path/Frameworks";
				PRODUCT_BUNDLE_IDENTIFIER = com.lbh.ExrateTests;
				PRODUCT_NAME = "$(TARGET_NAME)";
				SWIFT_VERSION = 3.0;
				TEST_HOST = "$(BUILT_PRODUCTS_DIR)/Exrate.app/Exrate";
			};
			name = Debug;
		};
		3814629A1F66D4E60041C419 /* Release */ = {
			isa = XCBuildConfiguration;
			baseConfigurationReference = 51A7D62057E52178C8463ABC /* Pods-ExrateTests.release.xcconfig */;
			buildSettings = {
				ALWAYS_EMBED_SWIFT_STANDARD_LIBRARIES = YES;
				BUNDLE_LOADER = "$(TEST_HOST)";
				DEVELOPMENT_TEAM = 2FM32UZ275;
				INFOPLIST_FILE = ExrateTests/Info.plist;
				LD_RUNPATH_SEARCH_PATHS = "$(inherited) @executable_path/Frameworks @loader_path/Frameworks";
				PRODUCT_BUNDLE_IDENTIFIER = com.lbh.ExrateTests;
				PRODUCT_NAME = "$(TARGET_NAME)";
				SWIFT_VERSION = 3.0;
				TEST_HOST = "$(BUILT_PRODUCTS_DIR)/Exrate.app/Exrate";
			};
			name = Release;
		};
		3814629C1F66D4E60041C419 /* Debug */ = {
			isa = XCBuildConfiguration;
			baseConfigurationReference = 9E1CF58C0F00E851D7835360 /* Pods-ExrateUITests.debug.xcconfig */;
			buildSettings = {
				ALWAYS_EMBED_SWIFT_STANDARD_LIBRARIES = YES;
				DEVELOPMENT_TEAM = 2FM32UZ275;
				INFOPLIST_FILE = ExrateUITests/Info.plist;
				LD_RUNPATH_SEARCH_PATHS = "$(inherited) @executable_path/Frameworks @loader_path/Frameworks";
				PRODUCT_BUNDLE_IDENTIFIER = com.lbh.ExrateUITests;
				PRODUCT_NAME = "$(TARGET_NAME)";
				SWIFT_VERSION = 3.0;
				TEST_TARGET_NAME = Exrate;
			};
			name = Debug;
		};
		3814629D1F66D4E60041C419 /* Release */ = {
			isa = XCBuildConfiguration;
			baseConfigurationReference = 77ACC17893334FBC4B426426 /* Pods-ExrateUITests.release.xcconfig */;
			buildSettings = {
				ALWAYS_EMBED_SWIFT_STANDARD_LIBRARIES = YES;
				DEVELOPMENT_TEAM = 2FM32UZ275;
				INFOPLIST_FILE = ExrateUITests/Info.plist;
				LD_RUNPATH_SEARCH_PATHS = "$(inherited) @executable_path/Frameworks @loader_path/Frameworks";
				PRODUCT_BUNDLE_IDENTIFIER = com.lbh.ExrateUITests;
				PRODUCT_NAME = "$(TARGET_NAME)";
				SWIFT_VERSION = 3.0;
				TEST_TARGET_NAME = Exrate;
			};
			name = Release;
		};
/* End XCBuildConfiguration section */

/* Begin XCConfigurationList section */
		381462681F66D4E60041C419 /* Build configuration list for PBXProject "Exrate" */ = {
			isa = XCConfigurationList;
			buildConfigurations = (
				381462931F66D4E60041C419 /* Debug */,
				381462941F66D4E60041C419 /* Release */,
			);
			defaultConfigurationIsVisible = 0;
			defaultConfigurationName = Release;
		};
		381462951F66D4E60041C419 /* Build configuration list for PBXNativeTarget "Exrate" */ = {
			isa = XCConfigurationList;
			buildConfigurations = (
				381462961F66D4E60041C419 /* Debug */,
				381462971F66D4E60041C419 /* Release */,
			);
			defaultConfigurationIsVisible = 0;
		};
		381462981F66D4E60041C419 /* Build configuration list for PBXNativeTarget "ExrateTests" */ = {
			isa = XCConfigurationList;
			buildConfigurations = (
				381462991F66D4E60041C419 /* Debug */,
				3814629A1F66D4E60041C419 /* Release */,
			);
			defaultConfigurationIsVisible = 0;
		};
		3814629B1F66D4E60041C419 /* Build configuration list for PBXNativeTarget "ExrateUITests" */ = {
			isa = XCConfigurationList;
			buildConfigurations = (
				3814629C1F66D4E60041C419 /* Debug */,
				3814629D1F66D4E60041C419 /* Release */,
			);
			defaultConfigurationIsVisible = 0;
		};
/* End XCConfigurationList section */
	};
	rootObject = 381462651F66D4E60041C419 /* Project object */;
}
